<?xml version="1.0" encoding="utf-8"?>
<Project ToolsVersion="4.0" xmlns="http://schemas.microsoft.com/developer/msbuild/2003">
  <ItemGroup>
    <Filter Include="Source Files">
      <UniqueIdentifier>{4FC737F1-C7A5-4376-A066-2A32D752A2FF}</UniqueIdentifier>
      <Extensions>cpp;c;cc;cxx;def;odl;idl;hpj;bat;asm;asmx</Extensions>
    </Filter>
    <Filter Include="Header Files">
      <UniqueIdentifier>{93995380-89BD-4b04-88EB-625FBE52EBFB}</UniqueIdentifier>
      <Extensions>h;hh;hpp;hxx;hm;inl;inc;ipp;xsd</Extensions>
    </Filter>
    <Filter Include="Resource Files">
      <UniqueIdentifier>{67DA6AB6-F800-4c08-8B7A-83BB121AAD01}</UniqueIdentifier>
      <Extensions>rc;ico;cur;bmp;dlg;rc2;rct;bin;rgs;gif;jpg;jpeg;jpe;resx;tiff;tif;png;wav;mfcribbon-ms</Extensions>
    </Filter>
  </ItemGroup>
  <ItemGroup>
    <ClInclude Include="pch.h">
      <Filter>Header Files</Filter>
    </ClInclude>
    <ClInclude Include="SFML_APPLICATION.h">
      <Filter>Header Files</Filter>
    </ClInclude>
    <ClInclude Include="SFML_TitleScreen.h">
      <Filter>Header Files</Filter>
    </ClInclude>
    <ClInclude Include="SFML_GameMenu.h">
      <Filter>Header Files</Filter>
    </ClInclude>
    <ClInclude Include="SFML_2DCamera.h">
      <Filter>Header Files</Filter>
    </ClInclude>
    <ClInclude Include="resource.h">
      <Filter>Header Files</Filter>
    </ClInclude>
    <ClInclude Include="SFML_GameWorldLayer.h">
      <Filter>Header Files</Filter>
    </ClInclude>
    <ClInclude Include="SFML_GameWorld.h">
      <Filter>Header Files</Filter>
    </ClInclude>
    <ClInclude Include="SFML_SpriteObject.h">
      <Filter>Header Files</Filter>
    </ClInclude>
    <ClInclude Include="SFML_AnimatedSpriteObject.h">
      <Filter>Header Files</Filter>
    </ClInclude>
    <ClInclude Include="SFML_NPCSpriteObject.h">
      <Filter>Header Files</Filter>
    </ClInclude>
    <ClInclude Include="SFML_BulletSpriteObject.h">
      <Filter>Header Files</Filter>
    </ClInclude>
    <ClInclude Include="SFML_PlayableSpriteObject.h">
      <Filter>Header Files</Filter>
    </ClInclude>
    <ClInclude Include="SFML_CreditScreen.h">
      <Filter>Header Files</Filter>
    </ClInclude>
    <ClInclude Include="BackgroundStory.h">
      <Filter>Header Files</Filter>
    </ClInclude>
    <ClInclude Include="SFML_Controls.h">
      <Filter>Header Files</Filter>
    </ClInclude>
    <ClInclude Include="SFML_SpriteAnimation.h">
      <Filter>Header Files</Filter>
    </ClInclude>
  </ItemGroup>
  <ItemGroup>
    <ClCompile Include="pch.cpp">
      <Filter>Source Files</Filter>
    </ClCompile>
    <ClCompile Include="SFML_APPLICATION.cpp">
      <Filter>Source Files</Filter>
    </ClCompile>
    <ClCompile Include="SFML_GameMenu.cpp">
      <Filter>Source Files</Filter>
    </ClCompile>
    <ClCompile Include="SFML_TitleScreen.cpp">
      <Filter>Source Files</Filter>
    </ClCompile>
    <ClCompile Include="Main.cpp">
      <Filter>Source Files</Filter>
    </ClCompile>
    <ClCompile Include="SFML_2DCamera.cpp">
      <Filter>Source Files</Filter>
    </ClCompile>
    <ClCompile Include="SFML_GameWorldLayer.cpp">
      <Filter>Source Files</Filter>
    </ClCompile>
    <ClCompile Include="SFML_GameWorld.cpp">
      <Filter>Source Files</Filter>
    </ClCompile>
    <ClCompile Include="SFML_SpriteObject.cpp">
      <Filter>Source Files</Filter>
    </ClCompile>
    <ClCompile Include="SFML_SpriteAnimation.cpp">
      <Filter>Source Files</Filter>
    </ClCompile>
    <ClCompile Include="SFML_AnimatedSpriteObject.cpp">
      <Filter>Source Files</Filter>
    </ClCompile>
    <ClCompile Include="SFML_NPCSpriteObject.cpp">
      <Filter>Source Files</Filter>
    </ClCompile>
    <ClCompile Include="SFML_BulletSpriteObject.cpp">
      <Filter>Source Files</Filter>
    </ClCompile>
    <ClCompile Include="SFML_PlayableSpriteObject.cpp">
      <Filter>Source Files</Filter>
    </ClCompile>
    <ClCompile Include="SFML_CreditScreen.cpp">
      <Filter>Source Files</Filter>
    </ClCompile>
    <ClCompile Include="BackgroundStory.cpp">
      <Filter>Source Files</Filter>
    </ClCompile>
    <ClCompile Include="SFML_Controls.cpp">
      <Filter>Source Files</Filter>
    </ClCompile>
  </ItemGroup>
  <ItemGroup>
    <ResourceCompile Include="SFML_4109_Week_04.rc">
      <Filter>Resource Files</Filter>
    </ResourceCompile>
  </ItemGroup>
</Project>